<?xml version="1.0" encoding="utf-8"?>
<Project ToolsVersion="4.0" xmlns="http://schemas.microsoft.com/developer/msbuild/2003">
  <ItemGroup>
    <Filter Include="ソース ファイル">
      <UniqueIdentifier>{4FC737F1-C7A5-4376-A066-2A32D752A2FF}</UniqueIdentifier>
      <Extensions>cpp;c;cc;cxx;def;odl;idl;hpj;bat;asm;asmx</Extensions>
    </Filter>
    <Filter Include="ヘッダー ファイル">
      <UniqueIdentifier>{93995380-89BD-4b04-88EB-625FBE52EBFB}</UniqueIdentifier>
      <Extensions>h;hh;hpp;hxx;hm;inl;inc;xsd</Extensions>
    </Filter>
    <Filter Include="リソース ファイル">
      <UniqueIdentifier>{67DA6AB6-F800-4c08-8B7A-83BB121AAD01}</UniqueIdentifier>
      <Extensions>rc;ico;cur;bmp;dlg;rc2;rct;bin;rgs;gif;jpg;jpeg;jpe;resx;tiff;tif;png;wav;mfcribbon-ms</Extensions>
    </Filter>
  </ItemGroup>
  <ItemGroup>
    <ClCompile Include="..\Source\g_area.c">
      <Filter>ソース ファイル</Filter>
    </ClCompile>
    <ClCompile Include="..\Source\g_arrow.c">
      <Filter>ソース ファイル</Filter>
    </ClCompile>
    <ClCompile Include="..\Source\g_bird_view_3D.c">
      <Filter>ソース ファイル</Filter>
    </ClCompile>
    <ClCompile Include="..\Source\g_box.c">
      <Filter>ソース ファイル</Filter>
    </ClCompile>
    <ClCompile Include="..\Source\g_capture.c">
      <Filter>ソース ファイル</Filter>
    </ClCompile>
    <ClCompile Include="..\Source\g_circle.c">
      <Filter>ソース ファイル</Filter>
    </ClCompile>
    <ClCompile Include="..\Source\g_cls.c">
      <Filter>ソース ファイル</Filter>
    </ClCompile>
    <ClCompile Include="..\Source\g_cone.c">
      <Filter>ソース ファイル</Filter>
    </ClCompile>
    <ClCompile Include="..\Source\g_contln_2D.c">
      <Filter>ソース ファイル</Filter>
    </ClCompile>
    <ClCompile Include="..\Source\g_cylinder_3D.c">
      <Filter>ソース ファイル</Filter>
    </ClCompile>
    <ClCompile Include="..\Source\g_data_plot.c">
      <Filter>ソース ファイル</Filter>
    </ClCompile>
    <ClCompile Include="..\Source\g_direction_private.c">
      <Filter>ソース ファイル</Filter>
    </ClCompile>
    <ClCompile Include="..\Source\g_ellipse_3D.c">
      <Filter>ソース ファイル</Filter>
    </ClCompile>
    <ClCompile Include="..\Source\g_fan.c">
      <Filter>ソース ファイル</Filter>
    </ClCompile>
    <ClCompile Include="..\Source\g_finish.c">
      <Filter>ソース ファイル</Filter>
    </ClCompile>
    <ClCompile Include="..\Source\g_glwrapper_private.c">
      <Filter>ソース ファイル</Filter>
    </ClCompile>
    <ClCompile Include="..\Source\g_input.c">
      <Filter>ソース ファイル</Filter>
    </ClCompile>
    <ClCompile Include="..\Source\g_isosurface.c">
      <Filter>ソース ファイル</Filter>
    </ClCompile>
    <ClCompile Include="..\Source\g_line.c">
      <Filter>ソース ファイル</Filter>
    </ClCompile>
    <ClCompile Include="..\Source\g_marker.c">
      <Filter>ソース ファイル</Filter>
    </ClCompile>
    <ClCompile Include="..\Source\g_matrix_private.c">
      <Filter>ソース ファイル</Filter>
    </ClCompile>
    <ClCompile Include="..\Source\g_move_plot.c">
      <Filter>ソース ファイル</Filter>
    </ClCompile>
    <ClCompile Include="..\Source\g_off_screen.c">
      <Filter>ソース ファイル</Filter>
    </ClCompile>
    <ClCompile Include="..\Source\g_polygon_2D.c">
      <Filter>ソース ファイル</Filter>
    </ClCompile>
    <ClCompile Include="..\Source\g_polyline.c">
      <Filter>ソース ファイル</Filter>
    </ClCompile>
    <ClCompile Include="..\Source\g_prism_3D.c">
      <Filter>ソース ファイル</Filter>
    </ClCompile>
    <ClCompile Include="..\Source\g_pyramid_3D.c">
      <Filter>ソース ファイル</Filter>
    </ClCompile>
    <ClCompile Include="..\Source\g_rectangle.c">
      <Filter>ソース ファイル</Filter>
    </ClCompile>
    <ClCompile Include="..\Source\g_sdl_wrapper.c">
      <Filter>ソース ファイル</Filter>
    </ClCompile>
    <ClCompile Include="..\Source\g_shader_program.c">
      <Filter>ソース ファイル</Filter>
    </ClCompile>
    <ClCompile Include="..\Source\g_sleep.c">
      <Filter>ソース ファイル</Filter>
    </ClCompile>
    <ClCompile Include="..\Source\g_sphere_3D.c">
      <Filter>ソース ファイル</Filter>
    </ClCompile>
    <ClCompile Include="..\Source\g_text.c">
      <Filter>ソース ファイル</Filter>
    </ClCompile>
    <ClCompile Include="..\Source\g_triangle.c">
      <Filter>ソース ファイル</Filter>
    </ClCompile>
    <ClCompile Include="..\Source\g_triangle_buffer.c">
      <Filter>ソース ファイル</Filter>
    </ClCompile>
    <ClCompile Include="..\Source\g_camera.cpp">
      <Filter>ソース ファイル</Filter>
    </ClCompile>
    <ClCompile Include="..\Source\g_scale.cpp">
      <Filter>ソース ファイル</Filter>
    </ClCompile>
    <ClCompile Include="..\Source\g_vertex_buffer.cpp">
      <Filter>ソース ファイル</Filter>
    </ClCompile>
    <ClCompile Include="..\Source\g_init.cpp">
      <Filter>ソース ファイル</Filter>
    </ClCompile>
    <ClCompile Include="..\Source\g_debug.cpp">
      <Filter>ソース ファイル</Filter>
    </ClCompile>
  </ItemGroup>
  <ItemGroup>
    <ClInclude Include="..\Include\glsc3d.h">
      <Filter>ヘッダー ファイル</Filter>
    </ClInclude>
    <ClInclude Include="..\Include\glsc3d_private.h">
      <Filter>ヘッダー ファイル</Filter>
    </ClInclude>
    <ClInclude Include="..\Include\glsc3d_math.h">
      <Filter>ヘッダー ファイル</Filter>
    </ClInclude>
    <ClInclude Include="..\Include\glsc3d_private_ext.h">
      <Filter>ヘッダー ファイル</Filter>
    </ClInclude>
  </ItemGroup>
</Project>