
Microsoft Visual Studio Solution File, Format Version 12.00
# Visual Studio 14
VisualStudioVersion = 14.0.25420.1
MinimumVisualStudioVersion = 10.0.40219.1
Project("{8BC9CEB8-8B4A-11D0-8D11-00A0C91BC942}") = "GLSC3D", "vcxproj\GLSC3D.vcxproj", "{0B3EE314-1D07-4294-97B8-D5ACFD113B30}"
EndProject
Project("{8BC9CEB8-8B4A-11D0-8D11-00A0C91BC942}") = "3DFigures", "vcxproj\3DFigures.vcxproj", "{6F960E4E-C26A-46D7-AA06-56B48E3C7E80}"
	ProjectSection(ProjectDependencies) = postProject
		{0B3EE314-1D07-4294-97B8-D5ACFD113B30} = {0B3EE314-1D07-4294-97B8-D5ACFD113B30}
	EndProjectSection
EndProject
Project("{8BC9CEB8-8B4A-11D0-8D11-00A0C91BC942}") = "Cone", "vcxproj\Cone.vcxproj", "{758A9929-59B2-4AED-B21E-29481A043A95}"
	ProjectSection(ProjectDependencies) = postProject
		{0B3EE314-1D07-4294-97B8-D5ACFD113B30} = {0B3EE314-1D07-4294-97B8-D5ACFD113B30}
	EndProjectSection
EndProject
Project("{8BC9CEB8-8B4A-11D0-8D11-00A0C91BC942}") = "2DFigures", "vcxproj\2DFigures.vcxproj", "{7382D8D7-867A-4458-BAA2-BFB3ED22C257}"
	ProjectSection(ProjectDependencies) = postProject
		{0B3EE314-1D07-4294-97B8-D5ACFD113B30} = {0B3EE314-1D07-4294-97B8-D5ACFD113B30}
	EndProjectSection
EndProject
Global
	GlobalSection(SolutionConfigurationPlatforms) = preSolution
		Debug|x64 = Debug|x64
		Release|x64 = Release|x64
	EndGlobalSection
	GlobalSection(ProjectConfigurationPlatforms) = postSolution
		{0B3EE314-1D07-4294-97B8-D5ACFD113B30}.Debug|x64.ActiveCfg = Debug|x64
		{0B3EE314-1D07-4294-97B8-D5ACFD113B30}.Debug|x64.Build.0 = Debug|x64
		{0B3EE314-1D07-4294-97B8-D5ACFD113B30}.Release|x64.ActiveCfg = Release|x64
		{0B3EE314-1D07-4294-97B8-D5ACFD113B30}.Release|x64.Build.0 = Release|x64
		{6F960E4E-C26A-46D7-AA06-56B48E3C7E80}.Debug|x64.ActiveCfg = Debug|x64
		{6F960E4E-C26A-46D7-AA06-56B48E3C7E80}.Debug|x64.Build.0 = Debug|x64
		{6F960E4E-C26A-46D7-AA06-56B48E3C7E80}.Release|x64.ActiveCfg = Release|x64
		{6F960E4E-C26A-46D7-AA06-56B48E3C7E80}.Release|x64.Build.0 = Release|x64
		{758A9929-59B2-4AED-B21E-29481A043A95}.Debug|x64.ActiveCfg = Debug|x64
		{758A9929-59B2-4AED-B21E-29481A043A95}.Debug|x64.Build.0 = Debug|x64
		{758A9929-59B2-4AED-B21E-29481A043A95}.Release|x64.ActiveCfg = Release|x64
		{758A9929-59B2-4AED-B21E-29481A043A95}.Release|x64.Build.0 = Release|x64
		{7382D8D7-867A-4458-BAA2-BFB3ED22C257}.Debug|x64.ActiveCfg = Debug|x64
		{7382D8D7-867A-4458-BAA2-BFB3ED22C257}.Debug|x64.Build.0 = Debug|x64
		{7382D8D7-867A-4458-BAA2-BFB3ED22C257}.Release|x64.ActiveCfg = Release|x64
		{7382D8D7-867A-4458-BAA2-BFB3ED22C257}.Release|x64.Build.0 = Release|x64
	EndGlobalSection
	GlobalSection(SolutionProperties) = preSolution
		HideSolutionNode = FALSE
	EndGlobalSection
EndGlobal
